
Microsoft Visual Studio Solution File, Format Version 12.00
# Visual Studio Version 17
VisualStudioVersion = 17.5.33424.131
MinimumVisualStudioVersion = 10.0.40219.1
Project("{FAE04EC0-301F-11D3-BF4B-00C04F79EFBC}") = "kishkin_tomogr", "kishkin_tomogr\kishkin_tomogr.csproj", "{A36DA2E0-FA7B-4309-9C43-AFED42D83D51}"
EndProject
Global
	GlobalSection(SolutionConfigurationPlatforms) = preSolution
		Debug|Any CPU = Debug|Any CPU
		Release|Any CPU = Release|Any CPU
	EndGlobalSection
	GlobalSection(ProjectConfigurationPlatforms) = postSolution
		{A36DA2E0-FA7B-4309-9C43-AFED42D83D51}.Debug|Any CPU.ActiveCfg = Debug|Any CPU
		{A36DA2E0-FA7B-4309-9C43-AFED42D83D51}.Debug|Any CPU.Build.0 = Debug|Any CPU
		{A36DA2E0-FA7B-4309-9C43-AFED42D83D51}.Release|Any CPU.ActiveCfg = Release|Any CPU
		{A36DA2E0-FA7B-4309-9C43-AFED42D83D51}.Release|Any CPU.Build.0 = Release|Any CPU
	EndGlobalSection
	GlobalSection(SolutionProperties) = preSolution
		HideSolutionNode = FALSE
	EndGlobalSection
	GlobalSection(ExtensibilityGlobals) = postSolution
		SolutionGuid = {D6B4EBDE-6F95-4DAD-ADB3-1A7ABB28248E}
	EndGlobalSection
EndGlobal
