
Microsoft Visual Studio Solution File, Format Version 12.00
# Visual Studio Version 17
VisualStudioVersion = 17.1.32210.238
MinimumVisualStudioVersion = 10.0.40219.1
Project("{FAE04EC0-301F-11D3-BF4B-00C04F79EFBC}") = "Inversion", "Inversion.csproj", "{27DE97BA-9853-48C3-A039-FEA67B83A79A}"
EndProject
Global
	GlobalSection(SolutionConfigurationPlatforms) = preSolution
		Debug|Any CPU = Debug|Any CPU
		Release|Any CPU = Release|Any CPU
	EndGlobalSection
	GlobalSection(ProjectConfigurationPlatforms) = postSolution
		{27DE97BA-9853-48C3-A039-FEA67B83A79A}.Debug|Any CPU.ActiveCfg = Debug|Any CPU
		{27DE97BA-9853-48C3-A039-FEA67B83A79A}.Debug|Any CPU.Build.0 = Debug|Any CPU
		{27DE97BA-9853-48C3-A039-FEA67B83A79A}.Release|Any CPU.ActiveCfg = Release|Any CPU
		{27DE97BA-9853-48C3-A039-FEA67B83A79A}.Release|Any CPU.Build.0 = Release|Any CPU
	EndGlobalSection
	GlobalSection(SolutionProperties) = preSolution
		HideSolutionNode = FALSE
	EndGlobalSection
	GlobalSection(ExtensibilityGlobals) = postSolution
		SolutionGuid = {60EB2A8C-A68A-4062-B136-2AC9B29D9EF8}
	EndGlobalSection
EndGlobal
